
Microsoft Visual Studio Solution File, Format Version 12.00
# Visual Studio Version 17
VisualStudioVersion = 17.7.34024.191
MinimumVisualStudioVersion = 10.0.40219.1
Project("{FAE04EC0-301F-11D3-BF4B-00C04F79EFBC}") = "source", "source\App.csproj", "{6921EF68-EB76-4CBC-9F10-52FE843DA85E}"
EndProject
Global
	GlobalSection(SolutionConfigurationPlatforms) = preSolution
		Debug|Any CPU = Debug|Any CPU
		Release|Any CPU = Release|Any CPU
	EndGlobalSection
	GlobalSection(ProjectConfigurationPlatforms) = postSolution
		{6921EF68-EB76-4CBC-9F10-52FE843DA85E}.Debug|Any CPU.ActiveCfg = Debug|Any CPU
		{6921EF68-EB76-4CBC-9F10-52FE843DA85E}.Debug|Any CPU.Build.0 = Debug|Any CPU
		{6921EF68-EB76-4CBC-9F10-52FE843DA85E}.Release|Any CPU.ActiveCfg = Release|Any CPU
		{6921EF68-EB76-4CBC-9F10-52FE843DA85E}.Release|Any CPU.Build.0 = Release|Any CPU
	EndGlobalSection
	GlobalSection(SolutionProperties) = preSolution
		HideSolutionNode = FALSE
	EndGlobalSection
	GlobalSection(ExtensibilityGlobals) = postSolution
		SolutionGuid = {612C57B5-7AF6-4ED5-9351-70EB5417C7FC}
	EndGlobalSection
EndGlobal
