
Microsoft Visual Studio Solution File, Format Version 12.00
# Visual Studio Version 17
VisualStudioVersion = 17.7.34024.191
MinimumVisualStudioVersion = 10.0.40219.1
Project("{FAE04EC0-301F-11D3-BF4B-00C04F79EFBC}") = "source", "source\University.csproj", "{C1209DBE-8CE2-41F1-B923-3F494E347F3A}"
EndProject
Global
	GlobalSection(SolutionConfigurationPlatforms) = preSolution
		Debug|Any CPU = Debug|Any CPU
		Release|Any CPU = Release|Any CPU
	EndGlobalSection
	GlobalSection(ProjectConfigurationPlatforms) = postSolution
		{C1209DBE-8CE2-41F1-B923-3F494E347F3A}.Debug|Any CPU.ActiveCfg = Debug|Any CPU
		{C1209DBE-8CE2-41F1-B923-3F494E347F3A}.Debug|Any CPU.Build.0 = Debug|Any CPU
		{C1209DBE-8CE2-41F1-B923-3F494E347F3A}.Release|Any CPU.ActiveCfg = Release|Any CPU
		{C1209DBE-8CE2-41F1-B923-3F494E347F3A}.Release|Any CPU.Build.0 = Release|Any CPU
	EndGlobalSection
	GlobalSection(SolutionProperties) = preSolution
		HideSolutionNode = FALSE
	EndGlobalSection
	GlobalSection(ExtensibilityGlobals) = postSolution
		SolutionGuid = {7A0C21A0-7FC2-4ABA-90F3-BC6EAA973351}
	EndGlobalSection
EndGlobal
