
Microsoft Visual Studio Solution File, Format Version 12.00
# Visual Studio Version 17
VisualStudioVersion = 17.11.35327.3
MinimumVisualStudioVersion = 10.0.40219.1
Project("{FAE04EC0-301F-11D3-BF4B-00C04F79EFBC}") = "aic", "aic\aic.csproj", "{FC12C795-5EB4-465B-95F0-AE81679611E5}"
EndProject
Global
	GlobalSection(SolutionConfigurationPlatforms) = preSolution
		Debug|Any CPU = Debug|Any CPU
		Release|Any CPU = Release|Any CPU
	EndGlobalSection
	GlobalSection(ProjectConfigurationPlatforms) = postSolution
		{FC12C795-5EB4-465B-95F0-AE81679611E5}.Debug|Any CPU.ActiveCfg = Debug|Any CPU
		{FC12C795-5EB4-465B-95F0-AE81679611E5}.Debug|Any CPU.Build.0 = Debug|Any CPU
		{FC12C795-5EB4-465B-95F0-AE81679611E5}.Release|Any CPU.ActiveCfg = Release|Any CPU
		{FC12C795-5EB4-465B-95F0-AE81679611E5}.Release|Any CPU.Build.0 = Release|Any CPU
	EndGlobalSection
	GlobalSection(SolutionProperties) = preSolution
		HideSolutionNode = FALSE
	EndGlobalSection
	GlobalSection(ExtensibilityGlobals) = postSolution
		SolutionGuid = {B7576960-463E-47A7-8CBD-7CD3664AB13A}
	EndGlobalSection
EndGlobal
