
Microsoft Visual Studio Solution File, Format Version 12.00
# Visual Studio Version 17
VisualStudioVersion = 17.11.35327.3
MinimumVisualStudioVersion = 10.0.40219.1
Project("{FAE04EC0-301F-11D3-BF4B-00C04F79EFBC}") = "server-web-lab1", "server-web-lab1\server-web-lab1.csproj", "{4AE92905-ED38-482A-A2AF-71DED0DDD093}"
EndProject
Global
	GlobalSection(SolutionConfigurationPlatforms) = preSolution
		Debug|Any CPU = Debug|Any CPU
		Release|Any CPU = Release|Any CPU
	EndGlobalSection
	GlobalSection(ProjectConfigurationPlatforms) = postSolution
		{4AE92905-ED38-482A-A2AF-71DED0DDD093}.Debug|Any CPU.ActiveCfg = Debug|Any CPU
		{4AE92905-ED38-482A-A2AF-71DED0DDD093}.Debug|Any CPU.Build.0 = Debug|Any CPU
		{4AE92905-ED38-482A-A2AF-71DED0DDD093}.Release|Any CPU.ActiveCfg = Release|Any CPU
		{4AE92905-ED38-482A-A2AF-71DED0DDD093}.Release|Any CPU.Build.0 = Release|Any CPU
	EndGlobalSection
	GlobalSection(SolutionProperties) = preSolution
		HideSolutionNode = FALSE
	EndGlobalSection
	GlobalSection(ExtensibilityGlobals) = postSolution
		SolutionGuid = {4F8AF929-0B2D-4B70-A7A7-B3799F6994F7}
	EndGlobalSection
EndGlobal
