
Microsoft Visual Studio Solution File, Format Version 12.00
# Visual Studio Version 17
VisualStudioVersion = 17.7.34024.191
MinimumVisualStudioVersion = 10.0.40219.1
Project("{FAE04EC0-301F-11D3-BF4B-00C04F79EFBC}") = "source", "source\App.csproj", "{96D20A29-4C50-4720-813B-98E38A777FF0}"
EndProject
Global
	GlobalSection(SolutionConfigurationPlatforms) = preSolution
		Debug|Any CPU = Debug|Any CPU
		Release|Any CPU = Release|Any CPU
	EndGlobalSection
	GlobalSection(ProjectConfigurationPlatforms) = postSolution
		{96D20A29-4C50-4720-813B-98E38A777FF0}.Debug|Any CPU.ActiveCfg = Debug|Any CPU
		{96D20A29-4C50-4720-813B-98E38A777FF0}.Debug|Any CPU.Build.0 = Debug|Any CPU
		{96D20A29-4C50-4720-813B-98E38A777FF0}.Release|Any CPU.ActiveCfg = Release|Any CPU
		{96D20A29-4C50-4720-813B-98E38A777FF0}.Release|Any CPU.Build.0 = Release|Any CPU
	EndGlobalSection
	GlobalSection(SolutionProperties) = preSolution
		HideSolutionNode = FALSE
	EndGlobalSection
	GlobalSection(ExtensibilityGlobals) = postSolution
		SolutionGuid = {EFD53B4B-A331-4BC6-B459-871F337F7836}
	EndGlobalSection
EndGlobal
