
Microsoft Visual Studio Solution File, Format Version 12.00
# Visual Studio Version 17
VisualStudioVersion = 17.11.35327.3
MinimumVisualStudioVersion = 10.0.40219.1
Project("{FAE04EC0-301F-11D3-BF4B-00C04F79EFBC}") = "server-web-lab5", "server-web-lab5\server-web-lab5.csproj", "{798CC586-433B-43EA-B84E-F0CFCCFE98AB}"
EndProject
Global
	GlobalSection(SolutionConfigurationPlatforms) = preSolution
		Debug|Any CPU = Debug|Any CPU
		Release|Any CPU = Release|Any CPU
	EndGlobalSection
	GlobalSection(ProjectConfigurationPlatforms) = postSolution
		{798CC586-433B-43EA-B84E-F0CFCCFE98AB}.Debug|Any CPU.ActiveCfg = Debug|Any CPU
		{798CC586-433B-43EA-B84E-F0CFCCFE98AB}.Debug|Any CPU.Build.0 = Debug|Any CPU
		{798CC586-433B-43EA-B84E-F0CFCCFE98AB}.Release|Any CPU.ActiveCfg = Release|Any CPU
		{798CC586-433B-43EA-B84E-F0CFCCFE98AB}.Release|Any CPU.Build.0 = Release|Any CPU
	EndGlobalSection
	GlobalSection(SolutionProperties) = preSolution
		HideSolutionNode = FALSE
	EndGlobalSection
	GlobalSection(ExtensibilityGlobals) = postSolution
		SolutionGuid = {747BBB5B-1B83-4D52-908B-24613B0AF021}
	EndGlobalSection
EndGlobal
