
Microsoft Visual Studio Solution File, Format Version 12.00
# Visual Studio Version 17
VisualStudioVersion = 17.7.34024.191
MinimumVisualStudioVersion = 10.0.40219.1
Project("{FAE04EC0-301F-11D3-BF4B-00C04F79EFBC}") = "source", "source\App.csproj", "{8EA842E5-F848-4729-9DAE-5A7CDB709F0D}"
EndProject
Global
	GlobalSection(SolutionConfigurationPlatforms) = preSolution
		Debug|Any CPU = Debug|Any CPU
		Release|Any CPU = Release|Any CPU
	EndGlobalSection
	GlobalSection(ProjectConfigurationPlatforms) = postSolution
		{8EA842E5-F848-4729-9DAE-5A7CDB709F0D}.Debug|Any CPU.ActiveCfg = Debug|Any CPU
		{8EA842E5-F848-4729-9DAE-5A7CDB709F0D}.Debug|Any CPU.Build.0 = Debug|Any CPU
		{8EA842E5-F848-4729-9DAE-5A7CDB709F0D}.Release|Any CPU.ActiveCfg = Release|Any CPU
		{8EA842E5-F848-4729-9DAE-5A7CDB709F0D}.Release|Any CPU.Build.0 = Release|Any CPU
	EndGlobalSection
	GlobalSection(SolutionProperties) = preSolution
		HideSolutionNode = FALSE
	EndGlobalSection
	GlobalSection(ExtensibilityGlobals) = postSolution
		SolutionGuid = {A9055CED-A3C0-477B-92D4-895FA99C86A1}
	EndGlobalSection
EndGlobal
